{
   "name": "dialogue-builder",
   "version": "0.0.0",
   "lockfileVersion": 1,
   "requires": true,
   "dependencies": {
      "viz.js": {
         "version": "2.0.0",
         "resolved": "https://registry.npmjs.org/viz.js/-/viz.js-2.0.0.tgz",
         "integrity": "sha512-OzUX9NWBc4u9QjFjVZYXGf7evbDHD8D9YcnVk9qEgrpYzWmeX+9Cov0n2KxbIidRRAef8OXwGrPfwnWubasKQg=="
      }
   }
}
